
Microsoft Visual Studio Solution File, Format Version 12.00
# Visual Studio Version 17
VisualStudioVersion = 17.11.35111.106
MinimumVisualStudioVersion = 10.0.40219.1
Project("{FAE04EC0-301F-11D3-BF4B-00C04F79EFBC}") = "JaegerDemo", "JaegerDemo\JaegerDemo.csproj", "{95E977D5-95C4-4DD1-BC5E-8BB7817466D8}"
EndProject
Global
	GlobalSection(SolutionConfigurationPlatforms) = preSolution
		Debug|Any CPU = Debug|Any CPU
		Release|Any CPU = Release|Any CPU
	EndGlobalSection
	GlobalSection(ProjectConfigurationPlatforms) = postSolution
		{95E977D5-95C4-4DD1-BC5E-8BB7817466D8}.Debug|Any CPU.ActiveCfg = Debug|Any CPU
		{95E977D5-95C4-4DD1-BC5E-8BB7817466D8}.Debug|Any CPU.Build.0 = Debug|Any CPU
		{95E977D5-95C4-4DD1-BC5E-8BB7817466D8}.Release|Any CPU.ActiveCfg = Release|Any CPU
		{95E977D5-95C4-4DD1-BC5E-8BB7817466D8}.Release|Any CPU.Build.0 = Release|Any CPU
	EndGlobalSection
	GlobalSection(SolutionProperties) = preSolution
		HideSolutionNode = FALSE
	EndGlobalSection
	GlobalSection(ExtensibilityGlobals) = postSolution
		SolutionGuid = {E2CDCD8C-CF90-46EE-8731-536019938B24}
	EndGlobalSection
EndGlobal
